
Microsoft Visual Studio Solution File, Format Version 12.00
# Visual Studio 15
VisualStudioVersion = 15.0.27130.2020
MinimumVisualStudioVersion = 10.0.40219.1
Project("{FAE04EC0-301F-11D3-BF4B-00C04F79EFBC}") = "EscapeTheRoom", "ObjectTesting\EscapeTheRoom.csproj", "{E527637E-7B53-49FC-9B35-B7AEA3FADF32}"
EndProject
Project("{FAE04EC0-301F-11D3-BF4B-00C04F79EFBC}") = "GameObjects", "GameObjects\GameObjects.csproj", "{40E1E1A0-C086-4512-9E9C-C2DFE47CDB5D}"
EndProject
Global
	GlobalSection(SolutionConfigurationPlatforms) = preSolution
		Debug|Any CPU = Debug|Any CPU
		Release|Any CPU = Release|Any CPU
	EndGlobalSection
	GlobalSection(ProjectConfigurationPlatforms) = postSolution
		{E527637E-7B53-49FC-9B35-B7AEA3FADF32}.Debug|Any CPU.ActiveCfg = Debug|Any CPU
		{E527637E-7B53-49FC-9B35-B7AEA3FADF32}.Debug|Any CPU.Build.0 = Debug|Any CPU
		{E527637E-7B53-49FC-9B35-B7AEA3FADF32}.Release|Any CPU.ActiveCfg = Release|Any CPU
		{E527637E-7B53-49FC-9B35-B7AEA3FADF32}.Release|Any CPU.Build.0 = Release|Any CPU
		{40E1E1A0-C086-4512-9E9C-C2DFE47CDB5D}.Debug|Any CPU.ActiveCfg = Debug|Any CPU
		{40E1E1A0-C086-4512-9E9C-C2DFE47CDB5D}.Debug|Any CPU.Build.0 = Debug|Any CPU
		{40E1E1A0-C086-4512-9E9C-C2DFE47CDB5D}.Release|Any CPU.ActiveCfg = Release|Any CPU
		{40E1E1A0-C086-4512-9E9C-C2DFE47CDB5D}.Release|Any CPU.Build.0 = Release|Any CPU
	EndGlobalSection
	GlobalSection(SolutionProperties) = preSolution
		HideSolutionNode = FALSE
	EndGlobalSection
	GlobalSection(ExtensibilityGlobals) = postSolution
		SolutionGuid = {04C757FB-D2DF-4DF8-967E-4AC027ACBF43}
	EndGlobalSection
EndGlobal
